
Microsoft Visual Studio Solution File, Format Version 12.00
# Visual Studio Version 16
VisualStudioVersion = 16.0.31105.61
MinimumVisualStudioVersion = 10.0.40219.1
Project("{9A19103F-16F7-4668-BE54-9A1E7A4F7556}") = "NullCheckRemover", "NullCheckRemover\NullCheckRemover\NullCheckRemover.csproj", "{B49810E9-A4F9-4C8C-8F57-271B8EBF8308}"
EndProject
Project("{9A19103F-16F7-4668-BE54-9A1E7A4F7556}") = "NullCheckRemover.CodeFixes", "NullCheckRemover\NullCheckRemover.CodeFixes\NullCheckRemover.CodeFixes.csproj", "{7735EBC0-3482-4007-B031-E0AFB73815F6}"
EndProject
Project("{9A19103F-16F7-4668-BE54-9A1E7A4F7556}") = "NullCheckRemover.Package", "NullCheckRemover\NullCheckRemover.Package\NullCheckRemover.Package.csproj", "{868661D8-04F2-4007-9DE3-158D53F0835F}"
EndProject
Project("{9A19103F-16F7-4668-BE54-9A1E7A4F7556}") = "NullCheckRemover.Vsix", "NullCheckRemover\NullCheckRemover.Vsix\NullCheckRemover.Vsix.csproj", "{F512A6D7-7D45-41D7-90BC-867AD48355E1}"
EndProject
Global
	GlobalSection(SolutionConfigurationPlatforms) = preSolution
		Debug|Any CPU = Debug|Any CPU
		Release|Any CPU = Release|Any CPU
	EndGlobalSection
	GlobalSection(ProjectConfigurationPlatforms) = postSolution
		{B49810E9-A4F9-4C8C-8F57-271B8EBF8308}.Debug|Any CPU.ActiveCfg = Debug|Any CPU
		{B49810E9-A4F9-4C8C-8F57-271B8EBF8308}.Debug|Any CPU.Build.0 = Debug|Any CPU
		{B49810E9-A4F9-4C8C-8F57-271B8EBF8308}.Release|Any CPU.ActiveCfg = Release|Any CPU
		{B49810E9-A4F9-4C8C-8F57-271B8EBF8308}.Release|Any CPU.Build.0 = Release|Any CPU
		{7735EBC0-3482-4007-B031-E0AFB73815F6}.Debug|Any CPU.ActiveCfg = Debug|Any CPU
		{7735EBC0-3482-4007-B031-E0AFB73815F6}.Debug|Any CPU.Build.0 = Debug|Any CPU
		{7735EBC0-3482-4007-B031-E0AFB73815F6}.Release|Any CPU.ActiveCfg = Release|Any CPU
		{7735EBC0-3482-4007-B031-E0AFB73815F6}.Release|Any CPU.Build.0 = Release|Any CPU
		{868661D8-04F2-4007-9DE3-158D53F0835F}.Debug|Any CPU.ActiveCfg = Debug|Any CPU
		{868661D8-04F2-4007-9DE3-158D53F0835F}.Debug|Any CPU.Build.0 = Debug|Any CPU
		{868661D8-04F2-4007-9DE3-158D53F0835F}.Release|Any CPU.ActiveCfg = Release|Any CPU
		{868661D8-04F2-4007-9DE3-158D53F0835F}.Release|Any CPU.Build.0 = Release|Any CPU
		{F512A6D7-7D45-41D7-90BC-867AD48355E1}.Debug|Any CPU.ActiveCfg = Debug|Any CPU
		{F512A6D7-7D45-41D7-90BC-867AD48355E1}.Debug|Any CPU.Build.0 = Debug|Any CPU
		{F512A6D7-7D45-41D7-90BC-867AD48355E1}.Release|Any CPU.ActiveCfg = Release|Any CPU
		{F512A6D7-7D45-41D7-90BC-867AD48355E1}.Release|Any CPU.Build.0 = Release|Any CPU
	EndGlobalSection
	GlobalSection(SolutionProperties) = preSolution
		HideSolutionNode = FALSE
	EndGlobalSection
	GlobalSection(ExtensibilityGlobals) = postSolution
		SolutionGuid = {15E61CF7-F5E3-4E74-92FA-D1FA366B886D}
	EndGlobalSection
EndGlobal
